
Microsoft Visual Studio Solution File, Format Version 12.00
# Visual Studio 15
VisualStudioVersion = 15.0.27004.2005
MinimumVisualStudioVersion = 10.0.40219.1
Project("{9A19103F-16F7-4668-BE54-9A1E7A4F7556}") = "LetterboxedCsvGenerator", "LetterboxedCsvGenerator\LetterboxedCsvGenerator.csproj", "{7A77A875-546D-4207-A95D-701F2E6BBFA4}"
EndProject
Project("{9A19103F-16F7-4668-BE54-9A1E7A4F7556}") = "MediaParsing", "MediaParsing\MediaParsing.csproj", "{0E242100-9378-478F-86AA-2795CBCCFEF2}"
EndProject
Project("{FAE04EC0-301F-11D3-BF4B-00C04F79EFBC}") = "CommandLineManager", "CommandLineManager\CommandLineManager.csproj", "{06564CC6-0719-4C04-91C6-291FF8639FF3}"
EndProject
Global
	GlobalSection(SolutionConfigurationPlatforms) = preSolution
		Debug|Any CPU = Debug|Any CPU
		Release|Any CPU = Release|Any CPU
	EndGlobalSection
	GlobalSection(ProjectConfigurationPlatforms) = postSolution
		{7A77A875-546D-4207-A95D-701F2E6BBFA4}.Debug|Any CPU.ActiveCfg = Debug|Any CPU
		{7A77A875-546D-4207-A95D-701F2E6BBFA4}.Debug|Any CPU.Build.0 = Debug|Any CPU
		{7A77A875-546D-4207-A95D-701F2E6BBFA4}.Release|Any CPU.ActiveCfg = Release|Any CPU
		{7A77A875-546D-4207-A95D-701F2E6BBFA4}.Release|Any CPU.Build.0 = Release|Any CPU
		{0E242100-9378-478F-86AA-2795CBCCFEF2}.Debug|Any CPU.ActiveCfg = Debug|Any CPU
		{0E242100-9378-478F-86AA-2795CBCCFEF2}.Debug|Any CPU.Build.0 = Debug|Any CPU
		{0E242100-9378-478F-86AA-2795CBCCFEF2}.Release|Any CPU.ActiveCfg = Release|Any CPU
		{0E242100-9378-478F-86AA-2795CBCCFEF2}.Release|Any CPU.Build.0 = Release|Any CPU
		{06564CC6-0719-4C04-91C6-291FF8639FF3}.Debug|Any CPU.ActiveCfg = Debug|Any CPU
		{06564CC6-0719-4C04-91C6-291FF8639FF3}.Debug|Any CPU.Build.0 = Debug|Any CPU
		{06564CC6-0719-4C04-91C6-291FF8639FF3}.Release|Any CPU.ActiveCfg = Release|Any CPU
		{06564CC6-0719-4C04-91C6-291FF8639FF3}.Release|Any CPU.Build.0 = Release|Any CPU
	EndGlobalSection
	GlobalSection(SolutionProperties) = preSolution
		HideSolutionNode = FALSE
	EndGlobalSection
	GlobalSection(ExtensibilityGlobals) = postSolution
		SolutionGuid = {1752E74C-11EA-4E1A-AC75-655E96FA1CFE}
	EndGlobalSection
EndGlobal
